
Microsoft Visual Studio Solution File, Format Version 12.00
# Visual Studio Version 17
VisualStudioVersion = 17.4.33122.133
MinimumVisualStudioVersion = 10.0.40219.1
Project("{FAE04EC0-301F-11D3-BF4B-00C04F79EFBC}") = "HajurkoCarRental", "HajurkoCarRental\HajurkoCarRental.csproj", "{21539C2D-CFAB-4F21-9C9F-D3ACD3478FB0}"
EndProject
Global
	GlobalSection(SolutionConfigurationPlatforms) = preSolution
		Debug|Any CPU = Debug|Any CPU
		Release|Any CPU = Release|Any CPU
	EndGlobalSection
	GlobalSection(ProjectConfigurationPlatforms) = postSolution
		{21539C2D-CFAB-4F21-9C9F-D3ACD3478FB0}.Debug|Any CPU.ActiveCfg = Debug|Any CPU
		{21539C2D-CFAB-4F21-9C9F-D3ACD3478FB0}.Debug|Any CPU.Build.0 = Debug|Any CPU
		{21539C2D-CFAB-4F21-9C9F-D3ACD3478FB0}.Release|Any CPU.ActiveCfg = Release|Any CPU
		{21539C2D-CFAB-4F21-9C9F-D3ACD3478FB0}.Release|Any CPU.Build.0 = Release|Any CPU
	EndGlobalSection
	GlobalSection(SolutionProperties) = preSolution
		HideSolutionNode = FALSE
	EndGlobalSection
	GlobalSection(ExtensibilityGlobals) = postSolution
		SolutionGuid = {56315AC0-50C2-4387-98A8-150023205F8C}
	EndGlobalSection
EndGlobal
